// !$*UTF8*$!
{
	archiveVersion = 1;
	classes = {
	};
	objectVersion = 46;
	objects = {

/* Begin PBXBuildFile section */
		63400AB41BD7362900CB0441 /* main.m in Sources */ = {isa = PBXBuildFile; fileRef = 63400AB31BD7362900CB0441 /* main.m */; };
		63400AB71BD7362900CB0441 /* AppDelegate.m in Sources */ = {isa = PBXBuildFile; fileRef = 63400AB61BD7362900CB0441 /* AppDelegate.m */; };
		63400ABD1BD7362900CB0441 /* Main.storyboard in Resources */ = {isa = PBXBuildFile; fileRef = 63400ABB1BD7362900CB0441 /* Main.storyboard */; };
		63400AC01BD7362900CB0441 /* AppUIFrame1.xcdatamodeld in Sources */ = {isa = PBXBuildFile; fileRef = 63400ABE1BD7362900CB0441 /* AppUIFrame1.xcdatamodeld */; };
		63400AC21BD7362900CB0441 /* Assets.xcassets in Resources */ = {isa = PBXBuildFile; fileRef = 63400AC11BD7362900CB0441 /* Assets.xcassets */; };
		63400AC51BD7362900CB0441 /* LaunchScreen.storyboard in Resources */ = {isa = PBXBuildFile; fileRef = 63400AC31BD7362900CB0441 /* LaunchScreen.storyboard */; };
		63400AD01BD7362900CB0441 /* AppUIFrame1Tests.m in Sources */ = {isa = PBXBuildFile; fileRef = 63400ACF1BD7362900CB0441 /* AppUIFrame1Tests.m */; };
		63400ADB1BD7362900CB0441 /* AppUIFrame1UITests.m in Sources */ = {isa = PBXBuildFile; fileRef = 63400ADA1BD7362900CB0441 /* AppUIFrame1UITests.m */; };
		63400AFA1BD737A700CB0441 /* DXDTabBarController.m in Sources */ = {isa = PBXBuildFile; fileRef = 63400AF91BD737A700CB0441 /* DXDTabBarController.m */; settings = {ASSET_TAGS = (); }; };
		63400AFD1BD7382000CB0441 /* DXDOneViewController.m in Sources */ = {isa = PBXBuildFile; fileRef = 63400AFC1BD7382000CB0441 /* DXDOneViewController.m */; settings = {ASSET_TAGS = (); }; };
		63400B001BD7383500CB0441 /* DXDTwoViewController.m in Sources */ = {isa = PBXBuildFile; fileRef = 63400AFF1BD7383500CB0441 /* DXDTwoViewController.m */; settings = {ASSET_TAGS = (); }; };
		63400B031BD7384F00CB0441 /* DXDThreeViewController.m in Sources */ = {isa = PBXBuildFile; fileRef = 63400B021BD7384F00CB0441 /* DXDThreeViewController.m */; settings = {ASSET_TAGS = (); }; };
/* End PBXBuildFile section */

/* Begin PBXContainerItemProxy section */
		63400ACC1BD7362900CB0441 /* PBXContainerItemProxy */ = {
			isa = PBXContainerItemProxy;
			containerPortal = 63400AA71BD7362900CB0441 /* Project object */;
			proxyType = 1;
			remoteGlobalIDString = 63400AAE1BD7362900CB0441;
			remoteInfo = AppUIFrame1;
		};
		63400AD71BD7362900CB0441 /* PBXContainerItemProxy */ = {
			isa = PBXContainerItemProxy;
			containerPortal = 63400AA71BD7362900CB0441 /* Project object */;
			proxyType = 1;
			remoteGlobalIDString = 63400AAE1BD7362900CB0441;
			remoteInfo = AppUIFrame1;
		};
/* End PBXContainerItemProxy section */

/* Begin PBXFileReference section */
		63400AAF1BD7362900CB0441 /* AppUIFrame1.app */ = {isa = PBXFileReference; explicitFileType = wrapper.application; includeInIndex = 0; path = AppUIFrame1.app; sourceTree = BUILT_PRODUCTS_DIR; };
		63400AB31BD7362900CB0441 /* main.m */ = {isa = PBXFileReference; lastKnownFileType = sourcecode.c.objc; path = main.m; sourceTree = "<group>"; };
		63400AB51BD7362900CB0441 /* AppDelegate.h */ = {isa = PBXFileReference; lastKnownFileType = sourcecode.c.h; path = AppDelegate.h; sourceTree = "<group>"; };
		63400AB61BD7362900CB0441 /* AppDelegate.m */ = {isa = PBXFileReference; lastKnownFileType = sourcecode.c.objc; path = AppDelegate.m; sourceTree = "<group>"; };
		63400ABC1BD7362900CB0441 /* Base */ = {isa = PBXFileReference; lastKnownFileType = file.storyboard; name = Base; path = Base.lproj/Main.storyboard; sourceTree = "<group>"; };
		63400ABF1BD7362900CB0441 /* AppUIFrame1.xcdatamodel */ = {isa = PBXFileReference; lastKnownFileType = wrapper.xcdatamodel; path = AppUIFrame1.xcdatamodel; sourceTree = "<group>"; };
		63400AC11BD7362900CB0441 /* Assets.xcassets */ = {isa = PBXFileReference; lastKnownFileType = folder.assetcatalog; path = Assets.xcassets; sourceTree = "<group>"; };
		63400AC41BD7362900CB0441 /* Base */ = {isa = PBXFileReference; lastKnownFileType = file.storyboard; name = Base; path = Base.lproj/LaunchScreen.storyboard; sourceTree = "<group>"; };
		63400AC61BD7362900CB0441 /* Info.plist */ = {isa = PBXFileReference; lastKnownFileType = text.plist.xml; path = Info.plist; sourceTree = "<group>"; };
		63400ACB1BD7362900CB0441 /* AppUIFrame1Tests.xctest */ = {isa = PBXFileReference; explicitFileType = wrapper.cfbundle; includeInIndex = 0; path = AppUIFrame1Tests.xctest; sourceTree = BUILT_PRODUCTS_DIR; };
		63400ACF1BD7362900CB0441 /* AppUIFrame1Tests.m */ = {isa = PBXFileReference; lastKnownFileType = sourcecode.c.objc; path = AppUIFrame1Tests.m; sourceTree = "<group>"; };
		63400AD11BD7362900CB0441 /* Info.plist */ = {isa = PBXFileReference; lastKnownFileType = text.plist.xml; path = Info.plist; sourceTree = "<group>"; };
		63400AD61BD7362900CB0441 /* AppUIFrame1UITests.xctest */ = {isa = PBXFileReference; explicitFileType = wrapper.cfbundle; includeInIndex = 0; path = AppUIFrame1UITests.xctest; sourceTree = BUILT_PRODUCTS_DIR; };
		63400ADA1BD7362900CB0441 /* AppUIFrame1UITests.m */ = {isa = PBXFileReference; lastKnownFileType = sourcecode.c.objc; path = AppUIFrame1UITests.m; sourceTree = "<group>"; };
		63400ADC1BD7362900CB0441 /* Info.plist */ = {isa = PBXFileReference; lastKnownFileType = text.plist.xml; path = Info.plist; sourceTree = "<group>"; };
		63400AF81BD737A700CB0441 /* DXDTabBarController.h */ = {isa = PBXFileReference; fileEncoding = 4; lastKnownFileType = sourcecode.c.h; path = DXDTabBarController.h; sourceTree = "<group>"; };
		63400AF91BD737A700CB0441 /* DXDTabBarController.m */ = {isa = PBXFileReference; fileEncoding = 4; lastKnownFileType = sourcecode.c.objc; path = DXDTabBarController.m; sourceTree = "<group>"; };
		63400AFB1BD7382000CB0441 /* DXDOneViewController.h */ = {isa = PBXFileReference; fileEncoding = 4; lastKnownFileType = sourcecode.c.h; path = DXDOneViewController.h; sourceTree = "<group>"; };
		63400AFC1BD7382000CB0441 /* DXDOneViewController.m */ = {isa = PBXFileReference; fileEncoding = 4; lastKnownFileType = sourcecode.c.objc; path = DXDOneViewController.m; sourceTree = "<group>"; };
		63400AFE1BD7383500CB0441 /* DXDTwoViewController.h */ = {isa = PBXFileReference; fileEncoding = 4; lastKnownFileType = sourcecode.c.h; path = DXDTwoViewController.h; sourceTree = "<group>"; };
		63400AFF1BD7383500CB0441 /* DXDTwoViewController.m */ = {isa = PBXFileReference; fileEncoding = 4; lastKnownFileType = sourcecode.c.objc; path = DXDTwoViewController.m; sourceTree = "<group>"; };
		63400B011BD7384F00CB0441 /* DXDThreeViewController.h */ = {isa = PBXFileReference; fileEncoding = 4; lastKnownFileType = sourcecode.c.h; path = DXDThreeViewController.h; sourceTree = "<group>"; };
		63400B021BD7384F00CB0441 /* DXDThreeViewController.m */ = {isa = PBXFileReference; fileEncoding = 4; lastKnownFileType = sourcecode.c.objc; path = DXDThreeViewController.m; sourceTree = "<group>"; };
/* End PBXFileReference section */

/* Begin PBXFrameworksBuildPhase section */
		63400AAC1BD7362900CB0441 /* Frameworks */ = {
			isa = PBXFrameworksBuildPhase;
			buildActionMask = 2147483647;
			files = (
			);
			runOnlyForDeploymentPostprocessing = 0;
		};
		63400AC81BD7362900CB0441 /* Frameworks */ = {
			isa = PBXFrameworksBuildPhase;
			buildActionMask = 2147483647;
			files = (
			);
			runOnlyForDeploymentPostprocessing = 0;
		};
		63400AD31BD7362900CB0441 /* Frameworks */ = {
			isa = PBXFrameworksBuildPhase;
			buildActionMask = 2147483647;
			files = (
			);
			runOnlyForDeploymentPostprocessing = 0;
		};
/* End PBXFrameworksBuildPhase section */

/* Begin PBXGroup section */
		63400AA61BD7362900CB0441 = {
			isa = PBXGroup;
			children = (
				63400AB11BD7362900CB0441 /* AppUIFrame1 */,
				63400ACE1BD7362900CB0441 /* AppUIFrame1Tests */,
				63400AD91BD7362900CB0441 /* AppUIFrame1UITests */,
				63400AB01BD7362900CB0441 /* Products */,
			);
			sourceTree = "<group>";
		};
		63400AB01BD7362900CB0441 /* Products */ = {
			isa = PBXGroup;
			children = (
				63400AAF1BD7362900CB0441 /* AppUIFrame1.app */,
				63400ACB1BD7362900CB0441 /* AppUIFrame1Tests.xctest */,
				63400AD61BD7362900CB0441 /* AppUIFrame1UITests.xctest */,
			);
			name = Products;
			sourceTree = "<group>";
		};
		63400AB11BD7362900CB0441 /* AppUIFrame1 */ = {
			isa = PBXGroup;
			children = (
				63400AF41BD7372500CB0441 /* ThirdPage */,
				63400AF01BD7370A00CB0441 /* SecondPage */,
				63400AEC1BD736ED00CB0441 /* FirstPage */,
				63400AE81BD736D500CB0441 /* Main */,
				63400AB51BD7362900CB0441 /* AppDelegate.h */,
				63400AB61BD7362900CB0441 /* AppDelegate.m */,
				63400ABB1BD7362900CB0441 /* Main.storyboard */,
				63400AC11BD7362900CB0441 /* Assets.xcassets */,
				63400AC31BD7362900CB0441 /* LaunchScreen.storyboard */,
				63400AC61BD7362900CB0441 /* Info.plist */,
				63400ABE1BD7362900CB0441 /* AppUIFrame1.xcdatamodeld */,
				63400AB21BD7362900CB0441 /* Supporting Files */,
			);
			path = AppUIFrame1;
			sourceTree = "<group>";
		};
		63400AB21BD7362900CB0441 /* Supporting Files */ = {
			isa = PBXGroup;
			children = (
				63400AB31BD7362900CB0441 /* main.m */,
			);
			name = "Supporting Files";
			sourceTree = "<group>";
		};
		63400ACE1BD7362900CB0441 /* AppUIFrame1Tests */ = {
			isa = PBXGroup;
			children = (
				63400ACF1BD7362900CB0441 /* AppUIFrame1Tests.m */,
				63400AD11BD7362900CB0441 /* Info.plist */,
			);
			path = AppUIFrame1Tests;
			sourceTree = "<group>";
		};
		63400AD91BD7362900CB0441 /* AppUIFrame1UITests */ = {
			isa = PBXGroup;
			children = (
				63400ADA1BD7362900CB0441 /* AppUIFrame1UITests.m */,
				63400ADC1BD7362900CB0441 /* Info.plist */,
			);
			path = AppUIFrame1UITests;
			sourceTree = "<group>";
		};
		63400AE81BD736D500CB0441 /* Main */ = {
			isa = PBXGroup;
			children = (
				63400AE91BD736E400CB0441 /* Controller */,
				63400AEA1BD736E400CB0441 /* Model */,
				63400AEB1BD736E400CB0441 /* View */,
			);
			name = Main;
			sourceTree = "<group>";
		};
		63400AE91BD736E400CB0441 /* Controller */ = {
			isa = PBXGroup;
			children = (
				63400AF81BD737A700CB0441 /* DXDTabBarController.h */,
				63400AF91BD737A700CB0441 /* DXDTabBarController.m */,
			);
			name = Controller;
			path = Main/Controller;
			sourceTree = "<group>";
		};
		63400AEA1BD736E400CB0441 /* Model */ = {
			isa = PBXGroup;
			children = (
			);
			name = Model;
			path = Main/Model;
			sourceTree = "<group>";
		};
		63400AEB1BD736E400CB0441 /* View */ = {
			isa = PBXGroup;
			children = (
			);
			name = View;
			path = Main/View;
			sourceTree = "<group>";
		};
		63400AEC1BD736ED00CB0441 /* FirstPage */ = {
			isa = PBXGroup;
			children = (
				63400AED1BD7370500CB0441 /* Controller */,
				63400AEE1BD7370500CB0441 /* Model */,
				63400AEF1BD7370500CB0441 /* View */,
			);
			name = FirstPage;
			sourceTree = "<group>";
		};
		63400AED1BD7370500CB0441 /* Controller */ = {
			isa = PBXGroup;
			children = (
				63400AFB1BD7382000CB0441 /* DXDOneViewController.h */,
				63400AFC1BD7382000CB0441 /* DXDOneViewController.m */,
			);
			name = Controller;
			path = FirstPage/Controller;
			sourceTree = "<group>";
		};
		63400AEE1BD7370500CB0441 /* Model */ = {
			isa = PBXGroup;
			children = (
			);
			name = Model;
			path = FirstPage/Model;
			sourceTree = "<group>";
		};
		63400AEF1BD7370500CB0441 /* View */ = {
			isa = PBXGroup;
			children = (
			);
			name = View;
			path = FirstPage/View;
			sourceTree = "<group>";
		};
		63400AF01BD7370A00CB0441 /* SecondPage */ = {
			isa = PBXGroup;
			children = (
				63400AF11BD7371C00CB0441 /* Controller */,
				63400AF21BD7371C00CB0441 /* Model */,
				63400AF31BD7371C00CB0441 /* View */,
			);
			name = SecondPage;
			sourceTree = "<group>";
		};
		63400AF11BD7371C00CB0441 /* Controller */ = {
			isa = PBXGroup;
			children = (
				63400AFE1BD7383500CB0441 /* DXDTwoViewController.h */,
				63400AFF1BD7383500CB0441 /* DXDTwoViewController.m */,
			);
			name = Controller;
			path = SecondPage/Controller;
			sourceTree = "<group>";
		};
		63400AF21BD7371C00CB0441 /* Model */ = {
			isa = PBXGroup;
			children = (
			);
			name = Model;
			path = SecondPage/Model;
			sourceTree = "<group>";
		};
		63400AF31BD7371C00CB0441 /* View */ = {
			isa = PBXGroup;
			children = (
			);
			name = View;
			path = SecondPage/View;
			sourceTree = "<group>";
		};
		63400AF41BD7372500CB0441 /* ThirdPage */ = {
			isa = PBXGroup;
			children = (
				63400AF51BD7373D00CB0441 /* Controller */,
				63400AF61BD7373D00CB0441 /* Model */,
				63400AF71BD7373D00CB0441 /* View */,
			);
			name = ThirdPage;
			sourceTree = "<group>";
		};
		63400AF51BD7373D00CB0441 /* Controller */ = {
			isa = PBXGroup;
			children = (
				63400B011BD7384F00CB0441 /* DXDThreeViewController.h */,
				63400B021BD7384F00CB0441 /* DXDThreeViewController.m */,
			);
			name = Controller;
			path = ThirdPage/Controller;
			sourceTree = "<group>";
		};
		63400AF61BD7373D00CB0441 /* Model */ = {
			isa = PBXGroup;
			children = (
			);
			name = Model;
			path = ThirdPage/Model;
			sourceTree = "<group>";
		};
		63400AF71BD7373D00CB0441 /* View */ = {
			isa = PBXGroup;
			children = (
			);
			name = View;
			path = ThirdPage/View;
			sourceTree = "<group>";
		};
/* End PBXGroup section */

/* Begin PBXNativeTarget section */
		63400AAE1BD7362900CB0441 /* AppUIFrame1 */ = {
			isa = PBXNativeTarget;
			buildConfigurationList = 63400ADF1BD7362900CB0441 /* Build configuration list for PBXNativeTarget "AppUIFrame1" */;
			buildPhases = (
				63400AAB1BD7362900CB0441 /* Sources */,
				63400AAC1BD7362900CB0441 /* Frameworks */,
				63400AAD1BD7362900CB0441 /* Resources */,
			);
			buildRules = (
			);
			dependencies = (
			);
			name = AppUIFrame1;
			productName = AppUIFrame1;
			productReference = 63400AAF1BD7362900CB0441 /* AppUIFrame1.app */;
			productType = "com.apple.product-type.application";
		};
		63400ACA1BD7362900CB0441 /* AppUIFrame1Tests */ = {
			isa = PBXNativeTarget;
			buildConfigurationList = 63400AE21BD7362900CB0441 /* Build configuration list for PBXNativeTarget "AppUIFrame1Tests" */;
			buildPhases = (
				63400AC71BD7362900CB0441 /* Sources */,
				63400AC81BD7362900CB0441 /* Frameworks */,
				63400AC91BD7362900CB0441 /* Resources */,
			);
			buildRules = (
			);
			dependencies = (
				63400ACD1BD7362900CB0441 /* PBXTargetDependency */,
			);
			name = AppUIFrame1Tests;
			productName = AppUIFrame1Tests;
			productReference = 63400ACB1BD7362900CB0441 /* AppUIFrame1Tests.xctest */;
			productType = "com.apple.product-type.bundle.unit-test";
		};
		63400AD51BD7362900CB0441 /* AppUIFrame1UITests */ = {
			isa = PBXNativeTarget;
			buildConfigurationList = 63400AE51BD7362900CB0441 /* Build configuration list for PBXNativeTarget "AppUIFrame1UITests" */;
			buildPhases = (
				63400AD21BD7362900CB0441 /* Sources */,
				63400AD31BD7362900CB0441 /* Frameworks */,
				63400AD41BD7362900CB0441 /* Resources */,
			);
			buildRules = (
			);
			dependencies = (
				63400AD81BD7362900CB0441 /* PBXTargetDependency */,
			);
			name = AppUIFrame1UITests;
			productName = AppUIFrame1UITests;
			productReference = 63400AD61BD7362900CB0441 /* AppUIFrame1UITests.xctest */;
			productType = "com.apple.product-type.bundle.ui-testing";
		};
/* End PBXNativeTarget section */

/* Begin PBXProject section */
		63400AA71BD7362900CB0441 /* Project object */ = {
			isa = PBXProject;
			attributes = {
				LastUpgradeCheck = 0700;
				ORGANIZATIONNAME = ilmeeself;
				TargetAttributes = {
					63400AAE1BD7362900CB0441 = {
						CreatedOnToolsVersion = 7.0.1;
						DevelopmentTeam = GXRL3UP2H5;
					};
					63400ACA1BD7362900CB0441 = {
						CreatedOnToolsVersion = 7.0.1;
						DevelopmentTeam = GXRL3UP2H5;
						TestTargetID = 63400AAE1BD7362900CB0441;
					};
					63400AD51BD7362900CB0441 = {
						CreatedOnToolsVersion = 7.0.1;
						DevelopmentTeam = GXRL3UP2H5;
						TestTargetID = 63400AAE1BD7362900CB0441;
					};
				};
			};
			buildConfigurationList = 63400AAA1BD7362900CB0441 /* Build configuration list for PBXProject "AppUIFrame1" */;
			compatibilityVersion = "Xcode 3.2";
			developmentRegion = English;
			hasScannedForEncodings = 0;
			knownRegions = (
				en,
				Base,
			);
			mainGroup = 63400AA61BD7362900CB0441;
			productRefGroup = 63400AB01BD7362900CB0441 /* Products */;
			projectDirPath = "";
			projectRoot = "";
			targets = (
				63400AAE1BD7362900CB0441 /* AppUIFrame1 */,
				63400ACA1BD7362900CB0441 /* AppUIFrame1Tests */,
				63400AD51BD7362900CB0441 /* AppUIFrame1UITests */,
			);
		};
/* End PBXProject section */

/* Begin PBXResourcesBuildPhase section */
		63400AAD1BD7362900CB0441 /* Resources */ = {
			isa = PBXResourcesBuildPhase;
			buildActionMask = 2147483647;
			files = (
				63400AC51BD7362900CB0441 /* LaunchScreen.storyboard in Resources */,
				63400AC21BD7362900CB0441 /* Assets.xcassets in Resources */,
				63400ABD1BD7362900CB0441 /* Main.storyboard in Resources */,
			);
			runOnlyForDeploymentPostprocessing = 0;
		};
		63400AC91BD7362900CB0441 /* Resources */ = {
			isa = PBXResourcesBuildPhase;
			buildActionMask = 2147483647;
			files = (
			);
			runOnlyForDeploymentPostprocessing = 0;
		};
		63400AD41BD7362900CB0441 /* Resources */ = {
			isa = PBXResourcesBuildPhase;
			buildActionMask = 2147483647;
			files = (
			);
			runOnlyForDeploymentPostprocessing = 0;
		};
/* End PBXResourcesBuildPhase section */

/* Begin PBXSourcesBuildPhase section */
		63400AAB1BD7362900CB0441 /* Sources */ = {
			isa = PBXSourcesBuildPhase;
			buildActionMask = 2147483647;
			files = (
				63400AFA1BD737A700CB0441 /* DXDTabBarController.m in Sources */,
				63400B031BD7384F00CB0441 /* DXDThreeViewController.m in Sources */,
				63400AFD1BD7382000CB0441 /* DXDOneViewController.m in Sources */,
				63400AB71BD7362900CB0441 /* AppDelegate.m in Sources */,
				63400AB41BD7362900CB0441 /* main.m in Sources */,
				63400AC01BD7362900CB0441 /* AppUIFrame1.xcdatamodeld in Sources */,
				63400B001BD7383500CB0441 /* DXDTwoViewController.m in Sources */,
			);
			runOnlyForDeploymentPostprocessing = 0;
		};
		63400AC71BD7362900CB0441 /* Sources */ = {
			isa = PBXSourcesBuildPhase;
			buildActionMask = 2147483647;
			files = (
				63400AD01BD7362900CB0441 /* AppUIFrame1Tests.m in Sources */,
			);
			runOnlyForDeploymentPostprocessing = 0;
		};
		63400AD21BD7362900CB0441 /* Sources */ = {
			isa = PBXSourcesBuildPhase;
			buildActionMask = 2147483647;
			files = (
				63400ADB1BD7362900CB0441 /* AppUIFrame1UITests.m in Sources */,
			);
			runOnlyForDeploymentPostprocessing = 0;
		};
/* End PBXSourcesBuildPhase section */

/* Begin PBXTargetDependency section */
		63400ACD1BD7362900CB0441 /* PBXTargetDependency */ = {
			isa = PBXTargetDependency;
			target = 63400AAE1BD7362900CB0441 /* AppUIFrame1 */;
			targetProxy = 63400ACC1BD7362900CB0441 /* PBXContainerItemProxy */;
		};
		63400AD81BD7362900CB0441 /* PBXTargetDependency */ = {
			isa = PBXTargetDependency;
			target = 63400AAE1BD7362900CB0441 /* AppUIFrame1 */;
			targetProxy = 63400AD71BD7362900CB0441 /* PBXContainerItemProxy */;
		};
/* End PBXTargetDependency section */

/* Begin PBXVariantGroup section */
		63400ABB1BD7362900CB0441 /* Main.storyboard */ = {
			isa = PBXVariantGroup;
			children = (
				63400ABC1BD7362900CB0441 /* Base */,
			);
			name = Main.storyboard;
			sourceTree = "<group>";
		};
		63400AC31BD7362900CB0441 /* LaunchScreen.storyboard */ = {
			isa = PBXVariantGroup;
			children = (
				63400AC41BD7362900CB0441 /* Base */,
			);
			name = LaunchScreen.storyboard;
			sourceTree = "<group>";
		};
/* End PBXVariantGroup section */

/* Begin XCBuildConfiguration section */
		63400ADD1BD7362900CB0441 /* Debug */ = {
			isa = XCBuildConfiguration;
			buildSettings = {
				ALWAYS_SEARCH_USER_PATHS = NO;
				CLANG_CXX_LANGUAGE_STANDARD = "gnu++0x";
				CLANG_CXX_LIBRARY = "libc++";
				CLANG_ENABLE_MODULES = YES;
				CLANG_ENABLE_OBJC_ARC = YES;
				CLANG_WARN_BOOL_CONVERSION = YES;
				CLANG_WARN_CONSTANT_CONVERSION = YES;
				CLANG_WARN_DIRECT_OBJC_ISA_USAGE = YES_ERROR;
				CLANG_WARN_EMPTY_BODY = YES;
				CLANG_WARN_ENUM_CONVERSION = YES;
				CLANG_WARN_INT_CONVERSION = YES;
				CLANG_WARN_OBJC_ROOT_CLASS = YES_ERROR;
				CLANG_WARN_UNREACHABLE_CODE = YES;
				CLANG_WARN__DUPLICATE_METHOD_MATCH = YES;
				"CODE_SIGN_IDENTITY[sdk=iphoneos*]" = "iPhone Developer";
				COPY_PHASE_STRIP = NO;
				DEBUG_INFORMATION_FORMAT = dwarf;
				ENABLE_STRICT_OBJC_MSGSEND = YES;
				ENABLE_TESTABILITY = YES;
				GCC_C_LANGUAGE_STANDARD = gnu99;
				GCC_DYNAMIC_NO_PIC = NO;
				GCC_NO_COMMON_BLOCKS = YES;
				GCC_OPTIMIZATION_LEVEL = 0;
				GCC_PREPROCESSOR_DEFINITIONS = (
					"DEBUG=1",
					"$(inherited)",
				);
				GCC_WARN_64_TO_32_BIT_CONVERSION = YES;
				GCC_WARN_ABOUT_RETURN_TYPE = YES_ERROR;
				GCC_WARN_UNDECLARED_SELECTOR = YES;
				GCC_WARN_UNINITIALIZED_AUTOS = YES_AGGRESSIVE;
				GCC_WARN_UNUSED_FUNCTION = YES;
				GCC_WARN_UNUSED_VARIABLE = YES;
				IPHONEOS_DEPLOYMENT_TARGET = 9.0;
				MTL_ENABLE_DEBUG_INFO = YES;
				ONLY_ACTIVE_ARCH = YES;
				SDKROOT = iphoneos;
			};
			name = Debug;
		};
		63400ADE1BD7362900CB0441 /* Release */ = {
			isa = XCBuildConfiguration;
			buildSettings = {
				ALWAYS_SEARCH_USER_PATHS = NO;
				CLANG_CXX_LANGUAGE_STANDARD = "gnu++0x";
				CLANG_CXX_LIBRARY = "libc++";
				CLANG_ENABLE_MODULES = YES;
				CLANG_ENABLE_OBJC_ARC = YES;
				CLANG_WARN_BOOL_CONVERSION = YES;
				CLANG_WARN_CONSTANT_CONVERSION = YES;
				CLANG_WARN_DIRECT_OBJC_ISA_USAGE = YES_ERROR;
				CLANG_WARN_EMPTY_BODY = YES;
				CLANG_WARN_ENUM_CONVERSION = YES;
				CLANG_WARN_INT_CONVERSION = YES;
				CLANG_WARN_OBJC_ROOT_CLASS = YES_ERROR;
				CLANG_WARN_UNREACHABLE_CODE = YES;
				CLANG_WARN__DUPLICATE_METHOD_MATCH = YES;
				"CODE_SIGN_IDENTITY[sdk=iphoneos*]" = "iPhone Developer";
				COPY_PHASE_STRIP = NO;
				DEBUG_INFORMATION_FORMAT = "dwarf-with-dsym";
				ENABLE_NS_ASSERTIONS = NO;
				ENABLE_STRICT_OBJC_MSGSEND = YES;
				GCC_C_LANGUAGE_STANDARD = gnu99;
				GCC_NO_COMMON_BLOCKS = YES;
				GCC_WARN_64_TO_32_BIT_CONVERSION = YES;
				GCC_WARN_ABOUT_RETURN_TYPE = YES_ERROR;
				GCC_WARN_UNDECLARED_SELECTOR = YES;
				GCC_WARN_UNINITIALIZED_AUTOS = YES_AGGRESSIVE;
				GCC_WARN_UNUSED_FUNCTION = YES;
				GCC_WARN_UNUSED_VARIABLE = YES;
				IPHONEOS_DEPLOYMENT_TARGET = 9.0;
				MTL_ENABLE_DEBUG_INFO = NO;
				SDKROOT = iphoneos;
				VALIDATE_PRODUCT = YES;
			};
			name = Release;
		};
		63400AE01BD7362900CB0441 /* Debug */ = {
			isa = XCBuildConfiguration;
			buildSettings = {
				ASSETCATALOG_COMPILER_APPICON_NAME = AppIcon;
				INFOPLIST_FILE = AppUIFrame1/Info.plist;
				LD_RUNPATH_SEARCH_PATHS = "$(inherited) @executable_path/Frameworks";
				PRODUCT_BUNDLE_IDENTIFIER = com.ilmeeself.AppUIFrame1;
				PRODUCT_NAME = "$(TARGET_NAME)";
			};
			name = Debug;
		};
		63400AE11BD7362900CB0441 /* Release */ = {
			isa = XCBuildConfiguration;
			buildSettings = {
				ASSETCATALOG_COMPILER_APPICON_NAME = AppIcon;
				INFOPLIST_FILE = AppUIFrame1/Info.plist;
				LD_RUNPATH_SEARCH_PATHS = "$(inherited) @executable_path/Frameworks";
				PRODUCT_BUNDLE_IDENTIFIER = com.ilmeeself.AppUIFrame1;
				PRODUCT_NAME = "$(TARGET_NAME)";
			};
			name = Release;
		};
		63400AE31BD7362900CB0441 /* Debug */ = {
			isa = XCBuildConfiguration;
			buildSettings = {
				BUNDLE_LOADER = "$(TEST_HOST)";
				INFOPLIST_FILE = AppUIFrame1Tests/Info.plist;
				LD_RUNPATH_SEARCH_PATHS = "$(inherited) @executable_path/Frameworks @loader_path/Frameworks";
				PRODUCT_BUNDLE_IDENTIFIER = com.ilmeeself.AppUIFrame1Tests;
				PRODUCT_NAME = "$(TARGET_NAME)";
				TEST_HOST = "$(BUILT_PRODUCTS_DIR)/AppUIFrame1.app/AppUIFrame1";
			};
			name = Debug;
		};
		63400AE41BD7362900CB0441 /* Release */ = {
			isa = XCBuildConfiguration;
			buildSettings = {
				BUNDLE_LOADER = "$(TEST_HOST)";
				INFOPLIST_FILE = AppUIFrame1Tests/Info.plist;
				LD_RUNPATH_SEARCH_PATHS = "$(inherited) @executable_path/Frameworks @loader_path/Frameworks";
				PRODUCT_BUNDLE_IDENTIFIER = com.ilmeeself.AppUIFrame1Tests;
				PRODUCT_NAME = "$(TARGET_NAME)";
				TEST_HOST = "$(BUILT_PRODUCTS_DIR)/AppUIFrame1.app/AppUIFrame1";
			};
			name = Release;
		};
		63400AE61BD7362900CB0441 /* Debug */ = {
			isa = XCBuildConfiguration;
			buildSettings = {
				INFOPLIST_FILE = AppUIFrame1UITests/Info.plist;
				LD_RUNPATH_SEARCH_PATHS = "$(inherited) @executable_path/Frameworks @loader_path/Frameworks";
				PRODUCT_BUNDLE_IDENTIFIER = com.ilmeeself.AppUIFrame1UITests;
				PRODUCT_NAME = "$(TARGET_NAME)";
				TEST_TARGET_NAME = AppUIFrame1;
				USES_XCTRUNNER = YES;
			};
			name = Debug;
		};
		63400AE71BD7362900CB0441 /* Release */ = {
			isa = XCBuildConfiguration;
			buildSettings = {
				INFOPLIST_FILE = AppUIFrame1UITests/Info.plist;
				LD_RUNPATH_SEARCH_PATHS = "$(inherited) @executable_path/Frameworks @loader_path/Frameworks";
				PRODUCT_BUNDLE_IDENTIFIER = com.ilmeeself.AppUIFrame1UITests;
				PRODUCT_NAME = "$(TARGET_NAME)";
				TEST_TARGET_NAME = AppUIFrame1;
				USES_XCTRUNNER = YES;
			};
			name = Release;
		};
/* End XCBuildConfiguration section */

/* Begin XCConfigurationList section */
		63400AAA1BD7362900CB0441 /* Build configuration list for PBXProject "AppUIFrame1" */ = {
			isa = XCConfigurationList;
			buildConfigurations = (
				63400ADD1BD7362900CB0441 /* Debug */,
				63400ADE1BD7362900CB0441 /* Release */,
			);
			defaultConfigurationIsVisible = 0;
			defaultConfigurationName = Release;
		};
		63400ADF1BD7362900CB0441 /* Build configuration list for PBXNativeTarget "AppUIFrame1" */ = {
			isa = XCConfigurationList;
			buildConfigurations = (
				63400AE01BD7362900CB0441 /* Debug */,
				63400AE11BD7362900CB0441 /* Release */,
			);
			defaultConfigurationIsVisible = 0;
		};
		63400AE21BD7362900CB0441 /* Build configuration list for PBXNativeTarget "AppUIFrame1Tests" */ = {
			isa = XCConfigurationList;
			buildConfigurations = (
				63400AE31BD7362900CB0441 /* Debug */,
				63400AE41BD7362900CB0441 /* Release */,
			);
			defaultConfigurationIsVisible = 0;
		};
		63400AE51BD7362900CB0441 /* Build configuration list for PBXNativeTarget "AppUIFrame1UITests" */ = {
			isa = XCConfigurationList;
			buildConfigurations = (
				63400AE61BD7362900CB0441 /* Debug */,
				63400AE71BD7362900CB0441 /* Release */,
			);
			defaultConfigurationIsVisible = 0;
		};
/* End XCConfigurationList section */

/* Begin XCVersionGroup section */
		63400ABE1BD7362900CB0441 /* AppUIFrame1.xcdatamodeld */ = {
			isa = XCVersionGroup;
			children = (
				63400ABF1BD7362900CB0441 /* AppUIFrame1.xcdatamodel */,
			);
			currentVersion = 63400ABF1BD7362900CB0441 /* AppUIFrame1.xcdatamodel */;
			path = AppUIFrame1.xcdatamodeld;
			sourceTree = "<group>";
			versionGroupType = wrapper.xcdatamodel;
		};
/* End XCVersionGroup section */
	};
	rootObject = 63400AA71BD7362900CB0441 /* Project object */;
}
